
Microsoft Visual Studio Solution File, Format Version 12.00
# Visual Studio Version 17
VisualStudioVersion = 17.5.002.0
MinimumVisualStudioVersion = 10.0.40219.1
Project("{9A19103F-16F7-4668-BE54-9A1E7A4F7556}") = "EfCoreApp", "EfCoreApp.csproj", "{0C9DF4B8-150F-4DF7-AFD5-EDC44CA9EAD3}"
EndProject
Global
	GlobalSection(SolutionConfigurationPlatforms) = preSolution
		Debug|Any CPU = Debug|Any CPU
		Release|Any CPU = Release|Any CPU
	EndGlobalSection
	GlobalSection(ProjectConfigurationPlatforms) = postSolution
		{0C9DF4B8-150F-4DF7-AFD5-EDC44CA9EAD3}.Debug|Any CPU.ActiveCfg = Debug|Any CPU
		{0C9DF4B8-150F-4DF7-AFD5-EDC44CA9EAD3}.Debug|Any CPU.Build.0 = Debug|Any CPU
		{0C9DF4B8-150F-4DF7-AFD5-EDC44CA9EAD3}.Release|Any CPU.ActiveCfg = Release|Any CPU
		{0C9DF4B8-150F-4DF7-AFD5-EDC44CA9EAD3}.Release|Any CPU.Build.0 = Release|Any CPU
	EndGlobalSection
	GlobalSection(SolutionProperties) = preSolution
		HideSolutionNode = FALSE
	EndGlobalSection
	GlobalSection(ExtensibilityGlobals) = postSolution
		SolutionGuid = {0D08657B-2058-4232-9EEC-04855104F53B}
	EndGlobalSection
EndGlobal
